
Microsoft Visual Studio Solution File, Format Version 12.00
# Visual Studio 15
VisualStudioVersion = 15.0.27130.2010
MinimumVisualStudioVersion = 10.0.40219.1
Project("{FAE04EC0-301F-11D3-BF4B-00C04F79EFBC}") = "REPL.Console", "REPLConsole\REPL.Console.csproj", "{C874E42C-A9B4-4DA6-A5B9-A4138A1E5D78}"
EndProject
Project("{FAE04EC0-301F-11D3-BF4B-00C04F79EFBC}") = "REPL.Engine", "REPL.Engine\REPL.Engine.csproj", "{3087C394-661A-45B8-ADC0-72CECF433CAC}"
EndProject
Project("{FAE04EC0-301F-11D3-BF4B-00C04F79EFBC}") = "REPL.DI", "REPL.DI\REPL.DI.csproj", "{E4CCCBCE-DEA9-4B1D-BC3C-5C04AF9834E5}"
EndProject
Project("{FAE04EC0-301F-11D3-BF4B-00C04F79EFBC}") = "REPL.SyntaxAnalyzer", "REPL.SyntaxAnalyzer\REPL.SyntaxAnalyzer.csproj", "{6A9E1408-9CE8-4211-938F-36246EF1B6B3}"
EndProject
Project("{FAE04EC0-301F-11D3-BF4B-00C04F79EFBC}") = "REPL.Service", "REPL.Service\REPL.Service.csproj", "{EA0069EF-1B1E-48AE-8DE6-F78A955A812F}"
EndProject
Project("{FAE04EC0-301F-11D3-BF4B-00C04F79EFBC}") = "REPL.Contracts", "REPL.Contracts\REPL.Contracts.csproj", "{2572800D-7CB0-4B88-9152-EC40BE66B5DF}"
EndProject
Global
	GlobalSection(SolutionConfigurationPlatforms) = preSolution
		Debug|Any CPU = Debug|Any CPU
		Release|Any CPU = Release|Any CPU
	EndGlobalSection
	GlobalSection(ProjectConfigurationPlatforms) = postSolution
		{C874E42C-A9B4-4DA6-A5B9-A4138A1E5D78}.Debug|Any CPU.ActiveCfg = Debug|Any CPU
		{C874E42C-A9B4-4DA6-A5B9-A4138A1E5D78}.Debug|Any CPU.Build.0 = Debug|Any CPU
		{C874E42C-A9B4-4DA6-A5B9-A4138A1E5D78}.Release|Any CPU.ActiveCfg = Release|Any CPU
		{C874E42C-A9B4-4DA6-A5B9-A4138A1E5D78}.Release|Any CPU.Build.0 = Release|Any CPU
		{3087C394-661A-45B8-ADC0-72CECF433CAC}.Debug|Any CPU.ActiveCfg = Debug|Any CPU
		{3087C394-661A-45B8-ADC0-72CECF433CAC}.Debug|Any CPU.Build.0 = Debug|Any CPU
		{3087C394-661A-45B8-ADC0-72CECF433CAC}.Release|Any CPU.ActiveCfg = Release|Any CPU
		{3087C394-661A-45B8-ADC0-72CECF433CAC}.Release|Any CPU.Build.0 = Release|Any CPU
		{E4CCCBCE-DEA9-4B1D-BC3C-5C04AF9834E5}.Debug|Any CPU.ActiveCfg = Debug|Any CPU
		{E4CCCBCE-DEA9-4B1D-BC3C-5C04AF9834E5}.Debug|Any CPU.Build.0 = Debug|Any CPU
		{E4CCCBCE-DEA9-4B1D-BC3C-5C04AF9834E5}.Release|Any CPU.ActiveCfg = Release|Any CPU
		{E4CCCBCE-DEA9-4B1D-BC3C-5C04AF9834E5}.Release|Any CPU.Build.0 = Release|Any CPU
		{6A9E1408-9CE8-4211-938F-36246EF1B6B3}.Debug|Any CPU.ActiveCfg = Debug|Any CPU
		{6A9E1408-9CE8-4211-938F-36246EF1B6B3}.Debug|Any CPU.Build.0 = Debug|Any CPU
		{6A9E1408-9CE8-4211-938F-36246EF1B6B3}.Release|Any CPU.ActiveCfg = Release|Any CPU
		{6A9E1408-9CE8-4211-938F-36246EF1B6B3}.Release|Any CPU.Build.0 = Release|Any CPU
		{EA0069EF-1B1E-48AE-8DE6-F78A955A812F}.Debug|Any CPU.ActiveCfg = Debug|Any CPU
		{EA0069EF-1B1E-48AE-8DE6-F78A955A812F}.Debug|Any CPU.Build.0 = Debug|Any CPU
		{EA0069EF-1B1E-48AE-8DE6-F78A955A812F}.Release|Any CPU.ActiveCfg = Release|Any CPU
		{EA0069EF-1B1E-48AE-8DE6-F78A955A812F}.Release|Any CPU.Build.0 = Release|Any CPU
		{2572800D-7CB0-4B88-9152-EC40BE66B5DF}.Debug|Any CPU.ActiveCfg = Debug|Any CPU
		{2572800D-7CB0-4B88-9152-EC40BE66B5DF}.Debug|Any CPU.Build.0 = Debug|Any CPU
		{2572800D-7CB0-4B88-9152-EC40BE66B5DF}.Release|Any CPU.ActiveCfg = Release|Any CPU
		{2572800D-7CB0-4B88-9152-EC40BE66B5DF}.Release|Any CPU.Build.0 = Release|Any CPU
	EndGlobalSection
	GlobalSection(SolutionProperties) = preSolution
		HideSolutionNode = FALSE
	EndGlobalSection
	GlobalSection(ExtensibilityGlobals) = postSolution
		SolutionGuid = {4D5E99BE-9778-40A6-8944-926727260D4E}
	EndGlobalSection
EndGlobal
